
Microsoft Visual Studio Solution File, Format Version 12.00
# Visual Studio Version 17
VisualStudioVersion = 17.8.34330.188
MinimumVisualStudioVersion = 10.0.40219.1
Project("{9A19103F-16F7-4668-BE54-9A1E7A4F7556}") = "Solution_1", "Solution_1\Solution_1.csproj", "{952A134F-D219-4B66-ACDA-B1BE5B34F149}"
EndProject
Project("{FAE04EC0-301F-11D3-BF4B-00C04F79EFBC}") = "Solution_2", "Solution_2\Solution_2.csproj", "{4BE4D743-9A1C-47A2-B88C-282169C1A31C}"
EndProject
Global
	GlobalSection(SolutionConfigurationPlatforms) = preSolution
		Debug|Any CPU = Debug|Any CPU
		Release|Any CPU = Release|Any CPU
	EndGlobalSection
	GlobalSection(ProjectConfigurationPlatforms) = postSolution
		{952A134F-D219-4B66-ACDA-B1BE5B34F149}.Debug|Any CPU.ActiveCfg = Debug|Any CPU
		{952A134F-D219-4B66-ACDA-B1BE5B34F149}.Debug|Any CPU.Build.0 = Debug|Any CPU
		{952A134F-D219-4B66-ACDA-B1BE5B34F149}.Release|Any CPU.ActiveCfg = Release|Any CPU
		{952A134F-D219-4B66-ACDA-B1BE5B34F149}.Release|Any CPU.Build.0 = Release|Any CPU
		{4BE4D743-9A1C-47A2-B88C-282169C1A31C}.Debug|Any CPU.ActiveCfg = Debug|Any CPU
		{4BE4D743-9A1C-47A2-B88C-282169C1A31C}.Debug|Any CPU.Build.0 = Debug|Any CPU
		{4BE4D743-9A1C-47A2-B88C-282169C1A31C}.Release|Any CPU.ActiveCfg = Release|Any CPU
		{4BE4D743-9A1C-47A2-B88C-282169C1A31C}.Release|Any CPU.Build.0 = Release|Any CPU
	EndGlobalSection
	GlobalSection(SolutionProperties) = preSolution
		HideSolutionNode = FALSE
	EndGlobalSection
	GlobalSection(ExtensibilityGlobals) = postSolution
		SolutionGuid = {AD226335-D4BA-4B07-9DAA-FF080E089C36}
	EndGlobalSection
EndGlobal
